
Microsoft Visual Studio Solution File, Format Version 12.00
# Visual Studio Version 17
VisualStudioVersion = 17.12.35707.178 d17.12
MinimumVisualStudioVersion = 10.0.40219.1
Project("{FAE04EC0-301F-11D3-BF4B-00C04F79EFBC}") = "AzureDevOpsServiceHookSoln.API", "src\AzureDevOpsServiceHookSoln.API\AzureDevOpsServiceHookSoln.API.csproj", "{F648D365-CEEB-4420-A7F9-17249D95F03E}"
EndProject
Global
	GlobalSection(SolutionConfigurationPlatforms) = preSolution
		Debug|Any CPU = Debug|Any CPU
		Release|Any CPU = Release|Any CPU
	EndGlobalSection
	GlobalSection(ProjectConfigurationPlatforms) = postSolution
		{F648D365-CEEB-4420-A7F9-17249D95F03E}.Debug|Any CPU.ActiveCfg = Debug|Any CPU
		{F648D365-CEEB-4420-A7F9-17249D95F03E}.Debug|Any CPU.Build.0 = Debug|Any CPU
		{F648D365-CEEB-4420-A7F9-17249D95F03E}.Release|Any CPU.ActiveCfg = Release|Any CPU
		{F648D365-CEEB-4420-A7F9-17249D95F03E}.Release|Any CPU.Build.0 = Release|Any CPU
	EndGlobalSection
	GlobalSection(SolutionProperties) = preSolution
		HideSolutionNode = FALSE
	EndGlobalSection
EndGlobal
